// !$*UTF8*$!
{
	archiveVersion = 1;
	classes = {
	};
	objectVersion = 48;
	objects = {

/* Begin PBXBuildFile section */
		A6C44F352065E6F4003E45DE /* AppDelegate.swift in Sources */ = {isa = PBXBuildFile; fileRef = A6C44F342065E6F4003E45DE /* AppDelegate.swift */; };
		A6C44F372065E6F4003E45DE /* ViewController.swift in Sources */ = {isa = PBXBuildFile; fileRef = A6C44F362065E6F4003E45DE /* ViewController.swift */; };
		A6C44F3A2065E6F4003E45DE /* Main.storyboard in Resources */ = {isa = PBXBuildFile; fileRef = A6C44F382065E6F4003E45DE /* Main.storyboard */; };
		A6C44F3C2065E6F4003E45DE /* Assets.xcassets in Resources */ = {isa = PBXBuildFile; fileRef = A6C44F3B2065E6F4003E45DE /* Assets.xcassets */; };
		A6C44F3F2065E6F4003E45DE /* LaunchScreen.storyboard in Resources */ = {isa = PBXBuildFile; fileRef = A6C44F3D2065E6F4003E45DE /* LaunchScreen.storyboard */; };
/* End PBXBuildFile section */

/* Begin PBXFileReference section */
		A6C44F312065E6F4003E45DE /* Harry Potter Quiz.app */ = {isa = PBXFileReference; explicitFileType = wrapper.application; includeInIndex = 0; path = "Harry Potter Quiz.app"; sourceTree = BUILT_PRODUCTS_DIR; };
		A6C44F342065E6F4003E45DE /* AppDelegate.swift */ = {isa = PBXFileReference; lastKnownFileType = sourcecode.swift; path = AppDelegate.swift; sourceTree = "<group>"; };
		A6C44F362065E6F4003E45DE /* ViewController.swift */ = {isa = PBXFileReference; lastKnownFileType = sourcecode.swift; path = ViewController.swift; sourceTree = "<group>"; };
		A6C44F392065E6F4003E45DE /* Base */ = {isa = PBXFileReference; lastKnownFileType = file.storyboard; name = Base; path = Base.lproj/Main.storyboard; sourceTree = "<group>"; };
		A6C44F3B2065E6F4003E45DE /* Assets.xcassets */ = {isa = PBXFileReference; lastKnownFileType = folder.assetcatalog; path = Assets.xcassets; sourceTree = "<group>"; };
		A6C44F3E2065E6F4003E45DE /* Base */ = {isa = PBXFileReference; lastKnownFileType = file.storyboard; name = Base; path = Base.lproj/LaunchScreen.storyboard; sourceTree = "<group>"; };
		A6C44F402065E6F4003E45DE /* Info.plist */ = {isa = PBXFileReference; lastKnownFileType = text.plist.xml; path = Info.plist; sourceTree = "<group>"; };
/* End PBXFileReference section */

/* Begin PBXFrameworksBuildPhase section */
		A6C44F2E2065E6F4003E45DE /* Frameworks */ = {
			isa = PBXFrameworksBuildPhase;
			buildActionMask = 2147483647;
			files = (
			);
			runOnlyForDeploymentPostprocessing = 0;
		};
/* End PBXFrameworksBuildPhase section */

/* Begin PBXGroup section */
		A6C44F282065E6F4003E45DE = {
			isa = PBXGroup;
			children = (
				A6C44F332065E6F4003E45DE /* Harry Potter Quiz */,
				A6C44F322065E6F4003E45DE /* Products */,
			);
			sourceTree = "<group>";
		};
		A6C44F322065E6F4003E45DE /* Products */ = {
			isa = PBXGroup;
			children = (
				A6C44F312065E6F4003E45DE /* Harry Potter Quiz.app */,
			);
			name = Products;
			sourceTree = "<group>";
		};
		A6C44F332065E6F4003E45DE /* Harry Potter Quiz */ = {
			isa = PBXGroup;
			children = (
				A6C44F342065E6F4003E45DE /* AppDelegate.swift */,
				A6C44F362065E6F4003E45DE /* ViewController.swift */,
				A6C44F382065E6F4003E45DE /* Main.storyboard */,
				A6C44F3B2065E6F4003E45DE /* Assets.xcassets */,
				A6C44F3D2065E6F4003E45DE /* LaunchScreen.storyboard */,
				A6C44F402065E6F4003E45DE /* Info.plist */,
			);
			path = "Harry Potter Quiz";
			sourceTree = "<group>";
		};
/* End PBXGroup section */

/* Begin PBXNativeTarget section */
		A6C44F302065E6F4003E45DE /* Harry Potter Quiz */ = {
			isa = PBXNativeTarget;
			buildConfigurationList = A6C44F432065E6F4003E45DE /* Build configuration list for PBXNativeTarget "Harry Potter Quiz" */;
			buildPhases = (
				A6C44F2D2065E6F4003E45DE /* Sources */,
				A6C44F2E2065E6F4003E45DE /* Frameworks */,
				A6C44F2F2065E6F4003E45DE /* Resources */,
			);
			buildRules = (
			);
			dependencies = (
			);
			name = "Harry Potter Quiz";
			productName = "Harry Potter Quiz";
			productReference = A6C44F312065E6F4003E45DE /* Harry Potter Quiz.app */;
			productType = "com.apple.product-type.application";
		};
/* End PBXNativeTarget section */

/* Begin PBXProject section */
		A6C44F292065E6F4003E45DE /* Project object */ = {
			isa = PBXProject;
			attributes = {
				LastSwiftUpdateCheck = 0920;
				LastUpgradeCheck = 0920;
				ORGANIZATIONNAME = "Salomon Alcidor";
				TargetAttributes = {
					A6C44F302065E6F4003E45DE = {
						CreatedOnToolsVersion = 9.2;
						ProvisioningStyle = Automatic;
					};
				};
			};
			buildConfigurationList = A6C44F2C2065E6F4003E45DE /* Build configuration list for PBXProject "Harry Potter Quiz" */;
			compatibilityVersion = "Xcode 8.0";
			developmentRegion = en;
			hasScannedForEncodings = 0;
			knownRegions = (
				en,
				Base,
			);
			mainGroup = A6C44F282065E6F4003E45DE;
			productRefGroup = A6C44F322065E6F4003E45DE /* Products */;
			projectDirPath = "";
			projectRoot = "";
			targets = (
				A6C44F302065E6F4003E45DE /* Harry Potter Quiz */,
			);
		};
/* End PBXProject section */

/* Begin PBXResourcesBuildPhase section */
		A6C44F2F2065E6F4003E45DE /* Resources */ = {
			isa = PBXResourcesBuildPhase;
			buildActionMask = 2147483647;
			files = (
				A6C44F3F2065E6F4003E45DE /* LaunchScreen.storyboard in Resources */,
				A6C44F3C2065E6F4003E45DE /* Assets.xcassets in Resources */,
				A6C44F3A2065E6F4003E45DE /* Main.storyboard in Resources */,
			);
			runOnlyForDeploymentPostprocessing = 0;
		};
/* End PBXResourcesBuildPhase section */

/* Begin PBXSourcesBuildPhase section */
		A6C44F2D2065E6F4003E45DE /* Sources */ = {
			isa = PBXSourcesBuildPhase;
			buildActionMask = 2147483647;
			files = (
				A6C44F372065E6F4003E45DE /* ViewController.swift in Sources */,
				A6C44F352065E6F4003E45DE /* AppDelegate.swift in Sources */,
			);
			runOnlyForDeploymentPostprocessing = 0;
		};
/* End PBXSourcesBuildPhase section */

/* Begin PBXVariantGroup section */
		A6C44F382065E6F4003E45DE /* Main.storyboard */ = {
			isa = PBXVariantGroup;
			children = (
				A6C44F392065E6F4003E45DE /* Base */,
			);
			name = Main.storyboard;
			sourceTree = "<group>";
		};
		A6C44F3D2065E6F4003E45DE /* LaunchScreen.storyboard */ = {
			isa = PBXVariantGroup;
			children = (
				A6C44F3E2065E6F4003E45DE /* Base */,
			);
			name = LaunchScreen.storyboard;
			sourceTree = "<group>";
		};
/* End PBXVariantGroup section */

/* Begin XCBuildConfiguration section */
		A6C44F412065E6F4003E45DE /* Debug */ = {
			isa = XCBuildConfiguration;
			buildSettings = {
				ALWAYS_SEARCH_USER_PATHS = NO;
				CLANG_ANALYZER_NONNULL = YES;
				CLANG_ANALYZER_NUMBER_OBJECT_CONVERSION = YES_AGGRESSIVE;
				CLANG_CXX_LANGUAGE_STANDARD = "gnu++14";
				CLANG_CXX_LIBRARY = "libc++";
				CLANG_ENABLE_MODULES = YES;
				CLANG_ENABLE_OBJC_ARC = YES;
				CLANG_WARN_BLOCK_CAPTURE_AUTORELEASING = YES;
				CLANG_WARN_BOOL_CONVERSION = YES;
				CLANG_WARN_COMMA = YES;
				CLANG_WARN_CONSTANT_CONVERSION = YES;
				CLANG_WARN_DIRECT_OBJC_ISA_USAGE = YES_ERROR;
				CLANG_WARN_DOCUMENTATION_COMMENTS = YES;
				CLANG_WARN_EMPTY_BODY = YES;
				CLANG_WARN_ENUM_CONVERSION = YES;
				CLANG_WARN_INFINITE_RECURSION = YES;
				CLANG_WARN_INT_CONVERSION = YES;
				CLANG_WARN_NON_LITERAL_NULL_CONVERSION = YES;
				CLANG_WARN_OBJC_LITERAL_CONVERSION = YES;
				CLANG_WARN_OBJC_ROOT_CLASS = YES_ERROR;
				CLANG_WARN_RANGE_LOOP_ANALYSIS = YES;
				CLANG_WARN_STRICT_PROTOTYPES = YES;
				CLANG_WARN_SUSPICIOUS_MOVE = YES;
				CLANG_WARN_UNGUARDED_AVAILABILITY = YES_AGGRESSIVE;
				CLANG_WARN_UNREACHABLE_CODE = YES;
				CLANG_WARN__DUPLICATE_METHOD_MATCH = YES;
				CODE_SIGN_IDENTITY = "iPhone Developer";
				COPY_PHASE_STRIP = NO;
				DEBUG_INFORMATION_FORMAT = dwarf;
				ENABLE_STRICT_OBJC_MSGSEND = YES;
				ENABLE_TESTABILITY = YES;
				GCC_C_LANGUAGE_STANDARD = gnu11;
				GCC_DYNAMIC_NO_PIC = NO;
				GCC_NO_COMMON_BLOCKS = YES;
				GCC_OPTIMIZATION_LEVEL = 0;
				GCC_PREPROCESSOR_DEFINITIONS = (
					"DEBUG=1",
					"$(inherited)",
				);
				GCC_WARN_64_TO_32_BIT_CONVERSION = YES;
				GCC_WARN_ABOUT_RETURN_TYPE = YES_ERROR;
				GCC_WARN_UNDECLARED_SELECTOR = YES;
				GCC_WARN_UNINITIALIZED_AUTOS = YES_AGGRESSIVE;
				GCC_WARN_UNUSED_FUNCTION = YES;
				GCC_WARN_UNUSED_VARIABLE = YES;
				IPHONEOS_DEPLOYMENT_TARGET = 11.2;
				MTL_ENABLE_DEBUG_INFO = YES;
				ONLY_ACTIVE_ARCH = YES;
				SDKROOT = iphoneos;
				SWIFT_ACTIVE_COMPILATION_CONDITIONS = DEBUG;
				SWIFT_OPTIMIZATION_LEVEL = "-Onone";
			};
			name = Debug;
		};
		A6C44F422065E6F4003E45DE /* Release */ = {
			isa = XCBuildConfiguration;
			buildSettings = {
				ALWAYS_SEARCH_USER_PATHS = NO;
				CLANG_ANALYZER_NONNULL = YES;
				CLANG_ANALYZER_NUMBER_OBJECT_CONVERSION = YES_AGGRESSIVE;
				CLANG_CXX_LANGUAGE_STANDARD = "gnu++14";
				CLANG_CXX_LIBRARY = "libc++";
				CLANG_ENABLE_MODULES = YES;
				CLANG_ENABLE_OBJC_ARC = YES;
				CLANG_WARN_BLOCK_CAPTURE_AUTORELEASING = YES;
				CLANG_WARN_BOOL_CONVERSION = YES;
				CLANG_WARN_COMMA = YES;
				CLANG_WARN_CONSTANT_CONVERSION = YES;
				CLANG_WARN_DIRECT_OBJC_ISA_USAGE = YES_ERROR;
				CLANG_WARN_DOCUMENTATION_COMMENTS = YES;
				CLANG_WARN_EMPTY_BODY = YES;
				CLANG_WARN_ENUM_CONVERSION = YES;
				CLANG_WARN_INFINITE_RECURSION = YES;
				CLANG_WARN_INT_CONVERSION = YES;
				CLANG_WARN_NON_LITERAL_NULL_CONVERSION = YES;
				CLANG_WARN_OBJC_LITERAL_CONVERSION = YES;
				CLANG_WARN_OBJC_ROOT_CLASS = YES_ERROR;
				CLANG_WARN_RANGE_LOOP_ANALYSIS = YES;
				CLANG_WARN_STRICT_PROTOTYPES = YES;
				CLANG_WARN_SUSPICIOUS_MOVE = YES;
				CLANG_WARN_UNGUARDED_AVAILABILITY = YES_AGGRESSIVE;
				CLANG_WARN_UNREACHABLE_CODE = YES;
				CLANG_WARN__DUPLICATE_METHOD_MATCH = YES;
				CODE_SIGN_IDENTITY = "iPhone Developer";
				COPY_PHASE_STRIP = NO;
				DEBUG_INFORMATION_FORMAT = "dwarf-with-dsym";
				ENABLE_NS_ASSERTIONS = NO;
				ENABLE_STRICT_OBJC_MSGSEND = YES;
				GCC_C_LANGUAGE_STANDARD = gnu11;
				GCC_NO_COMMON_BLOCKS = YES;
				GCC_WARN_64_TO_32_BIT_CONVERSION = YES;
				GCC_WARN_ABOUT_RETURN_TYPE = YES_ERROR;
				GCC_WARN_UNDECLARED_SELECTOR = YES;
				GCC_WARN_UNINITIALIZED_AUTOS = YES_AGGRESSIVE;
				GCC_WARN_UNUSED_FUNCTION = YES;
				GCC_WARN_UNUSED_VARIABLE = YES;
				IPHONEOS_DEPLOYMENT_TARGET = 11.2;
				MTL_ENABLE_DEBUG_INFO = NO;
				SDKROOT = iphoneos;
				SWIFT_OPTIMIZATION_LEVEL = "-Owholemodule";
				VALIDATE_PRODUCT = YES;
			};
			name = Release;
		};
		A6C44F442065E6F4003E45DE /* Debug */ = {
			isa = XCBuildConfiguration;
			buildSettings = {
				ASSETCATALOG_COMPILER_APPICON_NAME = AppIcon;
				CODE_SIGN_STYLE = Automatic;
				DEVELOPMENT_TEAM = YE25JD7LMX;
				INFOPLIST_FILE = "Harry Potter Quiz/Info.plist";
				LD_RUNPATH_SEARCH_PATHS = "$(inherited) @executable_path/Frameworks";
				PRODUCT_BUNDLE_IDENTIFIER = "com.alcidormedia.Harry-Potter-Quiz";
				PRODUCT_NAME = "$(TARGET_NAME)";
				SWIFT_VERSION = 4.0;
				TARGETED_DEVICE_FAMILY = "1,2";
			};
			name = Debug;
		};
		A6C44F452065E6F4003E45DE /* Release */ = {
			isa = XCBuildConfiguration;
			buildSettings = {
				ASSETCATALOG_COMPILER_APPICON_NAME = AppIcon;
				CODE_SIGN_STYLE = Automatic;
				DEVELOPMENT_TEAM = YE25JD7LMX;
				INFOPLIST_FILE = "Harry Potter Quiz/Info.plist";
				LD_RUNPATH_SEARCH_PATHS = "$(inherited) @executable_path/Frameworks";
				PRODUCT_BUNDLE_IDENTIFIER = "com.alcidormedia.Harry-Potter-Quiz";
				PRODUCT_NAME = "$(TARGET_NAME)";
				SWIFT_VERSION = 4.0;
				TARGETED_DEVICE_FAMILY = "1,2";
			};
			name = Release;
		};
/* End XCBuildConfiguration section */

/* Begin XCConfigurationList section */
		A6C44F2C2065E6F4003E45DE /* Build configuration list for PBXProject "Harry Potter Quiz" */ = {
			isa = XCConfigurationList;
			buildConfigurations = (
				A6C44F412065E6F4003E45DE /* Debug */,
				A6C44F422065E6F4003E45DE /* Release */,
			);
			defaultConfigurationIsVisible = 0;
			defaultConfigurationName = Release;
		};
		A6C44F432065E6F4003E45DE /* Build configuration list for PBXNativeTarget "Harry Potter Quiz" */ = {
			isa = XCConfigurationList;
			buildConfigurations = (
				A6C44F442065E6F4003E45DE /* Debug */,
				A6C44F452065E6F4003E45DE /* Release */,
			);
			defaultConfigurationIsVisible = 0;
			defaultConfigurationName = Release;
		};
/* End XCConfigurationList section */
	};
	rootObject = A6C44F292065E6F4003E45DE /* Project object */;
}
